
Microsoft Visual Studio Solution File, Format Version 12.00
# Visual Studio Version 17
VisualStudioVersion = 17.1.32421.90
MinimumVisualStudioVersion = 10.0.40219.1
Project("{FAE04EC0-301F-11D3-BF4B-00C04F79EFBC}") = "FuegoALaLata", "FuegoALaLata\FuegoALaLata.csproj", "{971CEF61-F906-4CC7-ACCD-600BEF32BACE}"
EndProject
Project("{FAE04EC0-301F-11D3-BF4B-00C04F79EFBC}") = "Application", "Application\Application.csproj", "{762A8F7F-FC26-42FB-BE20-1E2EA00A665E}"
EndProject
Global
	GlobalSection(SolutionConfigurationPlatforms) = preSolution
		Debug|Any CPU = Debug|Any CPU
		Release|Any CPU = Release|Any CPU
	EndGlobalSection
	GlobalSection(ProjectConfigurationPlatforms) = postSolution
		{971CEF61-F906-4CC7-ACCD-600BEF32BACE}.Debug|Any CPU.ActiveCfg = Debug|Any CPU
		{971CEF61-F906-4CC7-ACCD-600BEF32BACE}.Debug|Any CPU.Build.0 = Debug|Any CPU
		{971CEF61-F906-4CC7-ACCD-600BEF32BACE}.Release|Any CPU.ActiveCfg = Release|Any CPU
		{971CEF61-F906-4CC7-ACCD-600BEF32BACE}.Release|Any CPU.Build.0 = Release|Any CPU
		{762A8F7F-FC26-42FB-BE20-1E2EA00A665E}.Debug|Any CPU.ActiveCfg = Debug|Any CPU
		{762A8F7F-FC26-42FB-BE20-1E2EA00A665E}.Debug|Any CPU.Build.0 = Debug|Any CPU
		{762A8F7F-FC26-42FB-BE20-1E2EA00A665E}.Release|Any CPU.ActiveCfg = Release|Any CPU
		{762A8F7F-FC26-42FB-BE20-1E2EA00A665E}.Release|Any CPU.Build.0 = Release|Any CPU
	EndGlobalSection
	GlobalSection(SolutionProperties) = preSolution
		HideSolutionNode = FALSE
	EndGlobalSection
	GlobalSection(ExtensibilityGlobals) = postSolution
		SolutionGuid = {F598054F-1287-4560-95AE-1B270B7E5885}
	EndGlobalSection
EndGlobal
